# THIS IS AN AUTOGENERATED FILE. DO NOT EDIT THIS FILE DIRECTLY.
# yarn lockfile v1


"@vant/weapp@^1.0.0-beta.4":
  version "1.0.0-beta.4"
  resolved "https://registry.npm.taobao.org/@vant/weapp/download/@vant/weapp-1.0.0-beta.4.tgz#b92c09ee4999ecbbbd03cb41fb5b618cfafc7744"
  integrity sha1-uSwJ7kmZ7Lu9A8tB+1thjPr8d0Q=

vant-weapp@^0.5.23:
  version "0.5.23"
  resolved "https://registry.npm.taobao.org/vant-weapp/download/vant-weapp-0.5.23.tgz#e3dcf162e15f74e6637a9b6f88e324acf10b5155"
  integrity sha1-49zxYuFfdOZjeptviOMkrPELUVU=
